// !$*UTF8*$!
{
	archiveVersion = 1;
	classes = {
	};
	objectVersion = 55;
	objects = {

/* Begin PBXBuildFile section */
		2A28C0E0CC09FC25DE055121 /* Pods_JHBaseApplicationTests.framework in Frameworks */ = {isa = PBXBuildFile; fileRef = 7017B27E8BDE8A1B6AFDF519 /* Pods_JHBaseApplicationTests.framework */; };
		36BF2712DAF5800EB528CDAB /* Pods_JHBaseApplication.framework in Frameworks */ = {isa = PBXBuildFile; fileRef = 0CABA65526648539D9A0CFDB /* Pods_JHBaseApplication.framework */; };
		993A647456CE515F3E072086 /* Pods_JHBaseApplication_JHBaseApplicationUITests.framework in Frameworks */ = {isa = PBXBuildFile; fileRef = 22B2B59A6B8AEEFCD9913517 /* Pods_JHBaseApplication_JHBaseApplicationUITests.framework */; };
		CD11B3E828E694AD0043E71B /* AppDelegate.m in Sources */ = {isa = PBXBuildFile; fileRef = CD11B3E728E694AD0043E71B /* AppDelegate.m */; };
		CD11B3F328E694AF0043E71B /* Assets.xcassets in Resources */ = {isa = PBXBuildFile; fileRef = CD11B3F228E694AF0043E71B /* Assets.xcassets */; };
		CD11B3F628E694AF0043E71B /* LaunchScreen.storyboard in Resources */ = {isa = PBXBuildFile; fileRef = CD11B3F428E694AF0043E71B /* LaunchScreen.storyboard */; };
		CD11B3F928E694AF0043E71B /* main.m in Sources */ = {isa = PBXBuildFile; fileRef = CD11B3F828E694AF0043E71B /* main.m */; };
		CD11B40328E694AF0043E71B /* JHBaseApplicationTests.m in Sources */ = {isa = PBXBuildFile; fileRef = CD11B40228E694AF0043E71B /* JHBaseApplicationTests.m */; };
		CD11B40D28E694AF0043E71B /* JHBaseApplicationUITests.m in Sources */ = {isa = PBXBuildFile; fileRef = CD11B40C28E694AF0043E71B /* JHBaseApplicationUITests.m */; };
		CD11B40F28E694AF0043E71B /* JHBaseApplicationUITestsLaunchTests.m in Sources */ = {isa = PBXBuildFile; fileRef = CD11B40E28E694AF0043E71B /* JHBaseApplicationUITestsLaunchTests.m */; };
		CDBC389828E6EA3500C6CDCE /* HomeViewController.m in Sources */ = {isa = PBXBuildFile; fileRef = CDBC389728E6EA3500C6CDCE /* HomeViewController.m */; };
		CDBC389B28E6EA4900C6CDCE /* MusicViewController.m in Sources */ = {isa = PBXBuildFile; fileRef = CDBC389A28E6EA4900C6CDCE /* MusicViewController.m */; };
		CDBC389E28E6EA5700C6CDCE /* SettingViewController.m in Sources */ = {isa = PBXBuildFile; fileRef = CDBC389D28E6EA5700C6CDCE /* SettingViewController.m */; };
/* End PBXBuildFile section */

/* Begin PBXContainerItemProxy section */
		CD11B3FF28E694AF0043E71B /* PBXContainerItemProxy */ = {
			isa = PBXContainerItemProxy;
			containerPortal = CD11B3DB28E694AD0043E71B /* Project object */;
			proxyType = 1;
			remoteGlobalIDString = CD11B3E228E694AD0043E71B;
			remoteInfo = JHBaseApplication;
		};
		CD11B40928E694AF0043E71B /* PBXContainerItemProxy */ = {
			isa = PBXContainerItemProxy;
			containerPortal = CD11B3DB28E694AD0043E71B /* Project object */;
			proxyType = 1;
			remoteGlobalIDString = CD11B3E228E694AD0043E71B;
			remoteInfo = JHBaseApplication;
		};
/* End PBXContainerItemProxy section */

/* Begin PBXFileReference section */
		0CABA65526648539D9A0CFDB /* Pods_JHBaseApplication.framework */ = {isa = PBXFileReference; explicitFileType = wrapper.framework; includeInIndex = 0; path = Pods_JHBaseApplication.framework; sourceTree = BUILT_PRODUCTS_DIR; };
		22B2B59A6B8AEEFCD9913517 /* Pods_JHBaseApplication_JHBaseApplicationUITests.framework */ = {isa = PBXFileReference; explicitFileType = wrapper.framework; includeInIndex = 0; path = Pods_JHBaseApplication_JHBaseApplicationUITests.framework; sourceTree = BUILT_PRODUCTS_DIR; };
		7017B27E8BDE8A1B6AFDF519 /* Pods_JHBaseApplicationTests.framework */ = {isa = PBXFileReference; explicitFileType = wrapper.framework; includeInIndex = 0; path = Pods_JHBaseApplicationTests.framework; sourceTree = BUILT_PRODUCTS_DIR; };
		9008AE536BACE7234CC9316B /* Pods-JHBaseApplication-JHBaseApplicationUITests.release.xcconfig */ = {isa = PBXFileReference; includeInIndex = 1; lastKnownFileType = text.xcconfig; name = "Pods-JHBaseApplication-JHBaseApplicationUITests.release.xcconfig"; path = "Target Support Files/Pods-JHBaseApplication-JHBaseApplicationUITests/Pods-JHBaseApplication-JHBaseApplicationUITests.release.xcconfig"; sourceTree = "<group>"; };
		A4948CF930CB20C58A78ED03 /* Pods-JHBaseApplicationTests.debug.xcconfig */ = {isa = PBXFileReference; includeInIndex = 1; lastKnownFileType = text.xcconfig; name = "Pods-JHBaseApplicationTests.debug.xcconfig"; path = "Target Support Files/Pods-JHBaseApplicationTests/Pods-JHBaseApplicationTests.debug.xcconfig"; sourceTree = "<group>"; };
		BD6D214904A73A5C5487A59C /* Pods-JHBaseApplicationTests.release.xcconfig */ = {isa = PBXFileReference; includeInIndex = 1; lastKnownFileType = text.xcconfig; name = "Pods-JHBaseApplicationTests.release.xcconfig"; path = "Target Support Files/Pods-JHBaseApplicationTests/Pods-JHBaseApplicationTests.release.xcconfig"; sourceTree = "<group>"; };
		CBF3EDBBD83496D44D058B57 /* Pods-JHBaseApplication.release.xcconfig */ = {isa = PBXFileReference; includeInIndex = 1; lastKnownFileType = text.xcconfig; name = "Pods-JHBaseApplication.release.xcconfig"; path = "Target Support Files/Pods-JHBaseApplication/Pods-JHBaseApplication.release.xcconfig"; sourceTree = "<group>"; };
		CD11B3E328E694AD0043E71B /* JHBaseApplication.app */ = {isa = PBXFileReference; explicitFileType = wrapper.application; includeInIndex = 0; path = JHBaseApplication.app; sourceTree = BUILT_PRODUCTS_DIR; };
		CD11B3E628E694AD0043E71B /* AppDelegate.h */ = {isa = PBXFileReference; lastKnownFileType = sourcecode.c.h; path = AppDelegate.h; sourceTree = "<group>"; };
		CD11B3E728E694AD0043E71B /* AppDelegate.m */ = {isa = PBXFileReference; lastKnownFileType = sourcecode.c.objc; path = AppDelegate.m; sourceTree = "<group>"; };
		CD11B3F228E694AF0043E71B /* Assets.xcassets */ = {isa = PBXFileReference; lastKnownFileType = folder.assetcatalog; path = Assets.xcassets; sourceTree = "<group>"; };
		CD11B3F528E694AF0043E71B /* Base */ = {isa = PBXFileReference; lastKnownFileType = file.storyboard; name = Base; path = Base.lproj/LaunchScreen.storyboard; sourceTree = "<group>"; };
		CD11B3F728E694AF0043E71B /* Info.plist */ = {isa = PBXFileReference; lastKnownFileType = text.plist.xml; path = Info.plist; sourceTree = "<group>"; };
		CD11B3F828E694AF0043E71B /* main.m */ = {isa = PBXFileReference; lastKnownFileType = sourcecode.c.objc; path = main.m; sourceTree = "<group>"; };
		CD11B3FE28E694AF0043E71B /* JHBaseApplicationTests.xctest */ = {isa = PBXFileReference; explicitFileType = wrapper.cfbundle; includeInIndex = 0; path = JHBaseApplicationTests.xctest; sourceTree = BUILT_PRODUCTS_DIR; };
		CD11B40228E694AF0043E71B /* JHBaseApplicationTests.m */ = {isa = PBXFileReference; lastKnownFileType = sourcecode.c.objc; path = JHBaseApplicationTests.m; sourceTree = "<group>"; };
		CD11B40828E694AF0043E71B /* JHBaseApplicationUITests.xctest */ = {isa = PBXFileReference; explicitFileType = wrapper.cfbundle; includeInIndex = 0; path = JHBaseApplicationUITests.xctest; sourceTree = BUILT_PRODUCTS_DIR; };
		CD11B40C28E694AF0043E71B /* JHBaseApplicationUITests.m */ = {isa = PBXFileReference; lastKnownFileType = sourcecode.c.objc; path = JHBaseApplicationUITests.m; sourceTree = "<group>"; };
		CD11B40E28E694AF0043E71B /* JHBaseApplicationUITestsLaunchTests.m */ = {isa = PBXFileReference; lastKnownFileType = sourcecode.c.objc; path = JHBaseApplicationUITestsLaunchTests.m; sourceTree = "<group>"; };
		CDBC389628E6EA3500C6CDCE /* HomeViewController.h */ = {isa = PBXFileReference; lastKnownFileType = sourcecode.c.h; path = HomeViewController.h; sourceTree = "<group>"; };
		CDBC389728E6EA3500C6CDCE /* HomeViewController.m */ = {isa = PBXFileReference; lastKnownFileType = sourcecode.c.objc; path = HomeViewController.m; sourceTree = "<group>"; };
		CDBC389928E6EA4900C6CDCE /* MusicViewController.h */ = {isa = PBXFileReference; lastKnownFileType = sourcecode.c.h; path = MusicViewController.h; sourceTree = "<group>"; };
		CDBC389A28E6EA4900C6CDCE /* MusicViewController.m */ = {isa = PBXFileReference; lastKnownFileType = sourcecode.c.objc; path = MusicViewController.m; sourceTree = "<group>"; };
		CDBC389C28E6EA5700C6CDCE /* SettingViewController.h */ = {isa = PBXFileReference; lastKnownFileType = sourcecode.c.h; path = SettingViewController.h; sourceTree = "<group>"; };
		CDBC389D28E6EA5700C6CDCE /* SettingViewController.m */ = {isa = PBXFileReference; lastKnownFileType = sourcecode.c.objc; path = SettingViewController.m; sourceTree = "<group>"; };
		D5279FE3EBC4F272B059B642 /* Pods-JHBaseApplication-JHBaseApplicationUITests.debug.xcconfig */ = {isa = PBXFileReference; includeInIndex = 1; lastKnownFileType = text.xcconfig; name = "Pods-JHBaseApplication-JHBaseApplicationUITests.debug.xcconfig"; path = "Target Support Files/Pods-JHBaseApplication-JHBaseApplicationUITests/Pods-JHBaseApplication-JHBaseApplicationUITests.debug.xcconfig"; sourceTree = "<group>"; };
		F1C3ED37EBC69BCFA6CE367F /* Pods-JHBaseApplication.debug.xcconfig */ = {isa = PBXFileReference; includeInIndex = 1; lastKnownFileType = text.xcconfig; name = "Pods-JHBaseApplication.debug.xcconfig"; path = "Target Support Files/Pods-JHBaseApplication/Pods-JHBaseApplication.debug.xcconfig"; sourceTree = "<group>"; };
/* End PBXFileReference section */

/* Begin PBXFrameworksBuildPhase section */
		CD11B3E028E694AD0043E71B /* Frameworks */ = {
			isa = PBXFrameworksBuildPhase;
			buildActionMask = 2147483647;
			files = (
				36BF2712DAF5800EB528CDAB /* Pods_JHBaseApplication.framework in Frameworks */,
			);
			runOnlyForDeploymentPostprocessing = 0;
		};
		CD11B3FB28E694AF0043E71B /* Frameworks */ = {
			isa = PBXFrameworksBuildPhase;
			buildActionMask = 2147483647;
			files = (
				2A28C0E0CC09FC25DE055121 /* Pods_JHBaseApplicationTests.framework in Frameworks */,
			);
			runOnlyForDeploymentPostprocessing = 0;
		};
		CD11B40528E694AF0043E71B /* Frameworks */ = {
			isa = PBXFrameworksBuildPhase;
			buildActionMask = 2147483647;
			files = (
				993A647456CE515F3E072086 /* Pods_JHBaseApplication_JHBaseApplicationUITests.framework in Frameworks */,
			);
			runOnlyForDeploymentPostprocessing = 0;
		};
/* End PBXFrameworksBuildPhase section */

/* Begin PBXGroup section */
		809F918C5DCFA833E4EDF05D /* Pods */ = {
			isa = PBXGroup;
			children = (
				F1C3ED37EBC69BCFA6CE367F /* Pods-JHBaseApplication.debug.xcconfig */,
				CBF3EDBBD83496D44D058B57 /* Pods-JHBaseApplication.release.xcconfig */,
				D5279FE3EBC4F272B059B642 /* Pods-JHBaseApplication-JHBaseApplicationUITests.debug.xcconfig */,
				9008AE536BACE7234CC9316B /* Pods-JHBaseApplication-JHBaseApplicationUITests.release.xcconfig */,
				A4948CF930CB20C58A78ED03 /* Pods-JHBaseApplicationTests.debug.xcconfig */,
				BD6D214904A73A5C5487A59C /* Pods-JHBaseApplicationTests.release.xcconfig */,
			);
			path = Pods;
			sourceTree = "<group>";
		};
		CD11B3DA28E694AD0043E71B = {
			isa = PBXGroup;
			children = (
				CD11B3E528E694AD0043E71B /* JHBaseApplication */,
				CD11B40128E694AF0043E71B /* JHBaseApplicationTests */,
				CD11B40B28E694AF0043E71B /* JHBaseApplicationUITests */,
				CD11B3E428E694AD0043E71B /* Products */,
				809F918C5DCFA833E4EDF05D /* Pods */,
				F97642438C9D47D22F6F00AC /* Frameworks */,
			);
			sourceTree = "<group>";
		};
		CD11B3E428E694AD0043E71B /* Products */ = {
			isa = PBXGroup;
			children = (
				CD11B3E328E694AD0043E71B /* JHBaseApplication.app */,
				CD11B3FE28E694AF0043E71B /* JHBaseApplicationTests.xctest */,
				CD11B40828E694AF0043E71B /* JHBaseApplicationUITests.xctest */,
			);
			name = Products;
			sourceTree = "<group>";
		};
		CD11B3E528E694AD0043E71B /* JHBaseApplication */ = {
			isa = PBXGroup;
			children = (
				CDBC389528E6E72500C6CDCE /* AppFile */,
				CDBC389028E6E10300C6CDCE /* Common */,
				CDBC388B28E6E04600C6CDCE /* Class */,
			);
			path = JHBaseApplication;
			sourceTree = "<group>";
		};
		CD11B40128E694AF0043E71B /* JHBaseApplicationTests */ = {
			isa = PBXGroup;
			children = (
				CD11B40228E694AF0043E71B /* JHBaseApplicationTests.m */,
			);
			path = JHBaseApplicationTests;
			sourceTree = "<group>";
		};
		CD11B40B28E694AF0043E71B /* JHBaseApplicationUITests */ = {
			isa = PBXGroup;
			children = (
				CD11B40C28E694AF0043E71B /* JHBaseApplicationUITests.m */,
				CD11B40E28E694AF0043E71B /* JHBaseApplicationUITestsLaunchTests.m */,
			);
			path = JHBaseApplicationUITests;
			sourceTree = "<group>";
		};
		CDBC388B28E6E04600C6CDCE /* Class */ = {
			isa = PBXGroup;
			children = (
				CDBC388E28E6E0C000C6CDCE /* ViewController */,
				CDBC388F28E6E0CB00C6CDCE /* ViewModel */,
				CDBC388D28E6E0B800C6CDCE /* View */,
				CDBC388C28E6E04F00C6CDCE /* Model */,
			);
			path = Class;
			sourceTree = "<group>";
		};
		CDBC388C28E6E04F00C6CDCE /* Model */ = {
			isa = PBXGroup;
			children = (
			);
			path = Model;
			sourceTree = "<group>";
		};
		CDBC388D28E6E0B800C6CDCE /* View */ = {
			isa = PBXGroup;
			children = (
			);
			path = View;
			sourceTree = "<group>";
		};
		CDBC388E28E6E0C000C6CDCE /* ViewController */ = {
			isa = PBXGroup;
			children = (
				CDBC389628E6EA3500C6CDCE /* HomeViewController.h */,
				CDBC389728E6EA3500C6CDCE /* HomeViewController.m */,
				CDBC389928E6EA4900C6CDCE /* MusicViewController.h */,
				CDBC389A28E6EA4900C6CDCE /* MusicViewController.m */,
				CDBC389C28E6EA5700C6CDCE /* SettingViewController.h */,
				CDBC389D28E6EA5700C6CDCE /* SettingViewController.m */,
			);
			path = ViewController;
			sourceTree = "<group>";
		};
		CDBC388F28E6E0CB00C6CDCE /* ViewModel */ = {
			isa = PBXGroup;
			children = (
			);
			path = ViewModel;
			sourceTree = "<group>";
		};
		CDBC389028E6E10300C6CDCE /* Common */ = {
			isa = PBXGroup;
			children = (
				CDBC389328E6E13400C6CDCE /* Tool */,
				CDBC389128E6E10F00C6CDCE /* Base */,
				CDBC389428E6E15000C6CDCE /* Network */,
				CDBC389228E6E12400C6CDCE /* Category */,
			);
			path = Common;
			sourceTree = "<group>";
		};
		CDBC389128E6E10F00C6CDCE /* Base */ = {
			isa = PBXGroup;
			children = (
			);
			path = Base;
			sourceTree = "<group>";
		};
		CDBC389228E6E12400C6CDCE /* Category */ = {
			isa = PBXGroup;
			children = (
			);
			path = Category;
			sourceTree = "<group>";
		};
		CDBC389328E6E13400C6CDCE /* Tool */ = {
			isa = PBXGroup;
			children = (
			);
			path = Tool;
			sourceTree = "<group>";
		};
		CDBC389428E6E15000C6CDCE /* Network */ = {
			isa = PBXGroup;
			children = (
			);
			path = Network;
			sourceTree = "<group>";
		};
		CDBC389528E6E72500C6CDCE /* AppFile */ = {
			isa = PBXGroup;
			children = (
				CD11B3E628E694AD0043E71B /* AppDelegate.h */,
				CD11B3E728E694AD0043E71B /* AppDelegate.m */,
				CD11B3F228E694AF0043E71B /* Assets.xcassets */,
				CD11B3F428E694AF0043E71B /* LaunchScreen.storyboard */,
				CD11B3F728E694AF0043E71B /* Info.plist */,
				CD11B3F828E694AF0043E71B /* main.m */,
			);
			path = AppFile;
			sourceTree = "<group>";
		};
		F97642438C9D47D22F6F00AC /* Frameworks */ = {
			isa = PBXGroup;
			children = (
				0CABA65526648539D9A0CFDB /* Pods_JHBaseApplication.framework */,
				22B2B59A6B8AEEFCD9913517 /* Pods_JHBaseApplication_JHBaseApplicationUITests.framework */,
				7017B27E8BDE8A1B6AFDF519 /* Pods_JHBaseApplicationTests.framework */,
			);
			name = Frameworks;
			sourceTree = "<group>";
		};
/* End PBXGroup section */

/* Begin PBXNativeTarget section */
		CD11B3E228E694AD0043E71B /* JHBaseApplication */ = {
			isa = PBXNativeTarget;
			buildConfigurationList = CD11B41228E694AF0043E71B /* Build configuration list for PBXNativeTarget "JHBaseApplication" */;
			buildPhases = (
				DF0DAF1DC1E41A05F5FF3553 /* [CP] Check Pods Manifest.lock */,
				CD11B3DF28E694AD0043E71B /* Sources */,
				CD11B3E028E694AD0043E71B /* Frameworks */,
				CD11B3E128E694AD0043E71B /* Resources */,
				1EAD86FECD6A4C3011BF87E2 /* [CP] Embed Pods Frameworks */,
			);
			buildRules = (
			);
			dependencies = (
			);
			name = JHBaseApplication;
			productName = JHBaseApplication;
			productReference = CD11B3E328E694AD0043E71B /* JHBaseApplication.app */;
			productType = "com.apple.product-type.application";
		};
		CD11B3FD28E694AF0043E71B /* JHBaseApplicationTests */ = {
			isa = PBXNativeTarget;
			buildConfigurationList = CD11B41528E694AF0043E71B /* Build configuration list for PBXNativeTarget "JHBaseApplicationTests" */;
			buildPhases = (
				E93763269B7CF51C2951B42F /* [CP] Check Pods Manifest.lock */,
				CD11B3FA28E694AF0043E71B /* Sources */,
				CD11B3FB28E694AF0043E71B /* Frameworks */,
				CD11B3FC28E694AF0043E71B /* Resources */,
			);
			buildRules = (
			);
			dependencies = (
				CD11B40028E694AF0043E71B /* PBXTargetDependency */,
			);
			name = JHBaseApplicationTests;
			productName = JHBaseApplicationTests;
			productReference = CD11B3FE28E694AF0043E71B /* JHBaseApplicationTests.xctest */;
			productType = "com.apple.product-type.bundle.unit-test";
		};
		CD11B40728E694AF0043E71B /* JHBaseApplicationUITests */ = {
			isa = PBXNativeTarget;
			buildConfigurationList = CD11B41828E694AF0043E71B /* Build configuration list for PBXNativeTarget "JHBaseApplicationUITests" */;
			buildPhases = (
				7398FF81A877D7DB4C03BB31 /* [CP] Check Pods Manifest.lock */,
				CD11B40428E694AF0043E71B /* Sources */,
				CD11B40528E694AF0043E71B /* Frameworks */,
				CD11B40628E694AF0043E71B /* Resources */,
				CA774E23A006D2FD3DE58A7A /* [CP] Embed Pods Frameworks */,
			);
			buildRules = (
			);
			dependencies = (
				CD11B40A28E694AF0043E71B /* PBXTargetDependency */,
			);
			name = JHBaseApplicationUITests;
			productName = JHBaseApplicationUITests;
			productReference = CD11B40828E694AF0043E71B /* JHBaseApplicationUITests.xctest */;
			productType = "com.apple.product-type.bundle.ui-testing";
		};
/* End PBXNativeTarget section */

/* Begin PBXProject section */
		CD11B3DB28E694AD0043E71B /* Project object */ = {
			isa = PBXProject;
			attributes = {
				BuildIndependentTargetsInParallel = 1;
				LastUpgradeCheck = 1340;
				TargetAttributes = {
					CD11B3E228E694AD0043E71B = {
						CreatedOnToolsVersion = 13.4.1;
					};
					CD11B3FD28E694AF0043E71B = {
						CreatedOnToolsVersion = 13.4.1;
						TestTargetID = CD11B3E228E694AD0043E71B;
					};
					CD11B40728E694AF0043E71B = {
						CreatedOnToolsVersion = 13.4.1;
						TestTargetID = CD11B3E228E694AD0043E71B;
					};
				};
			};
			buildConfigurationList = CD11B3DE28E694AD0043E71B /* Build configuration list for PBXProject "JHBaseApplication" */;
			compatibilityVersion = "Xcode 13.0";
			developmentRegion = en;
			hasScannedForEncodings = 0;
			knownRegions = (
				en,
				Base,
			);
			mainGroup = CD11B3DA28E694AD0043E71B;
			productRefGroup = CD11B3E428E694AD0043E71B /* Products */;
			projectDirPath = "";
			projectRoot = "";
			targets = (
				CD11B3E228E694AD0043E71B /* JHBaseApplication */,
				CD11B3FD28E694AF0043E71B /* JHBaseApplicationTests */,
				CD11B40728E694AF0043E71B /* JHBaseApplicationUITests */,
			);
		};
/* End PBXProject section */

/* Begin PBXResourcesBuildPhase section */
		CD11B3E128E694AD0043E71B /* Resources */ = {
			isa = PBXResourcesBuildPhase;
			buildActionMask = 2147483647;
			files = (
				CD11B3F628E694AF0043E71B /* LaunchScreen.storyboard in Resources */,
				CD11B3F328E694AF0043E71B /* Assets.xcassets in Resources */,
			);
			runOnlyForDeploymentPostprocessing = 0;
		};
		CD11B3FC28E694AF0043E71B /* Resources */ = {
			isa = PBXResourcesBuildPhase;
			buildActionMask = 2147483647;
			files = (
			);
			runOnlyForDeploymentPostprocessing = 0;
		};
		CD11B40628E694AF0043E71B /* Resources */ = {
			isa = PBXResourcesBuildPhase;
			buildActionMask = 2147483647;
			files = (
			);
			runOnlyForDeploymentPostprocessing = 0;
		};
/* End PBXResourcesBuildPhase section */

/* Begin PBXShellScriptBuildPhase section */
		1EAD86FECD6A4C3011BF87E2 /* [CP] Embed Pods Frameworks */ = {
			isa = PBXShellScriptBuildPhase;
			buildActionMask = 2147483647;
			files = (
			);
			inputFileListPaths = (
				"${PODS_ROOT}/Target Support Files/Pods-JHBaseApplication/Pods-JHBaseApplication-frameworks-${CONFIGURATION}-input-files.xcfilelist",
			);
			name = "[CP] Embed Pods Frameworks";
			outputFileListPaths = (
				"${PODS_ROOT}/Target Support Files/Pods-JHBaseApplication/Pods-JHBaseApplication-frameworks-${CONFIGURATION}-output-files.xcfilelist",
			);
			runOnlyForDeploymentPostprocessing = 0;
			shellPath = /bin/sh;
			shellScript = "\"${PODS_ROOT}/Target Support Files/Pods-JHBaseApplication/Pods-JHBaseApplication-frameworks.sh\"\n";
			showEnvVarsInLog = 0;
		};
		7398FF81A877D7DB4C03BB31 /* [CP] Check Pods Manifest.lock */ = {
			isa = PBXShellScriptBuildPhase;
			buildActionMask = 2147483647;
			files = (
			);
			inputFileListPaths = (
			);
			inputPaths = (
				"${PODS_PODFILE_DIR_PATH}/Podfile.lock",
				"${PODS_ROOT}/Manifest.lock",
			);
			name = "[CP] Check Pods Manifest.lock";
			outputFileListPaths = (
			);
			outputPaths = (
				"$(DERIVED_FILE_DIR)/Pods-JHBaseApplication-JHBaseApplicationUITests-checkManifestLockResult.txt",
			);
			runOnlyForDeploymentPostprocessing = 0;
			shellPath = /bin/sh;
			shellScript = "diff \"${PODS_PODFILE_DIR_PATH}/Podfile.lock\" \"${PODS_ROOT}/Manifest.lock\" > /dev/null\nif [ $? != 0 ] ; then\n    # print error to STDERR\n    echo \"error: The sandbox is not in sync with the Podfile.lock. Run 'pod install' or update your CocoaPods installation.\" >&2\n    exit 1\nfi\n# This output is used by Xcode 'outputs' to avoid re-running this script phase.\necho \"SUCCESS\" > \"${SCRIPT_OUTPUT_FILE_0}\"\n";
			showEnvVarsInLog = 0;
		};
		CA774E23A006D2FD3DE58A7A /* [CP] Embed Pods Frameworks */ = {
			isa = PBXShellScriptBuildPhase;
			buildActionMask = 2147483647;
			files = (
			);
			inputFileListPaths = (
				"${PODS_ROOT}/Target Support Files/Pods-JHBaseApplication-JHBaseApplicationUITests/Pods-JHBaseApplication-JHBaseApplicationUITests-frameworks-${CONFIGURATION}-input-files.xcfilelist",
			);
			name = "[CP] Embed Pods Frameworks";
			outputFileListPaths = (
				"${PODS_ROOT}/Target Support Files/Pods-JHBaseApplication-JHBaseApplicationUITests/Pods-JHBaseApplication-JHBaseApplicationUITests-frameworks-${CONFIGURATION}-output-files.xcfilelist",
			);
			runOnlyForDeploymentPostprocessing = 0;
			shellPath = /bin/sh;
			shellScript = "\"${PODS_ROOT}/Target Support Files/Pods-JHBaseApplication-JHBaseApplicationUITests/Pods-JHBaseApplication-JHBaseApplicationUITests-frameworks.sh\"\n";
			showEnvVarsInLog = 0;
		};
		DF0DAF1DC1E41A05F5FF3553 /* [CP] Check Pods Manifest.lock */ = {
			isa = PBXShellScriptBuildPhase;
			buildActionMask = 2147483647;
			files = (
			);
			inputFileListPaths = (
			);
			inputPaths = (
				"${PODS_PODFILE_DIR_PATH}/Podfile.lock",
				"${PODS_ROOT}/Manifest.lock",
			);
			name = "[CP] Check Pods Manifest.lock";
			outputFileListPaths = (
			);
			outputPaths = (
				"$(DERIVED_FILE_DIR)/Pods-JHBaseApplication-checkManifestLockResult.txt",
			);
			runOnlyForDeploymentPostprocessing = 0;
			shellPath = /bin/sh;
			shellScript = "diff \"${PODS_PODFILE_DIR_PATH}/Podfile.lock\" \"${PODS_ROOT}/Manifest.lock\" > /dev/null\nif [ $? != 0 ] ; then\n    # print error to STDERR\n    echo \"error: The sandbox is not in sync with the Podfile.lock. Run 'pod install' or update your CocoaPods installation.\" >&2\n    exit 1\nfi\n# This output is used by Xcode 'outputs' to avoid re-running this script phase.\necho \"SUCCESS\" > \"${SCRIPT_OUTPUT_FILE_0}\"\n";
			showEnvVarsInLog = 0;
		};
		E93763269B7CF51C2951B42F /* [CP] Check Pods Manifest.lock */ = {
			isa = PBXShellScriptBuildPhase;
			buildActionMask = 2147483647;
			files = (
			);
			inputFileListPaths = (
			);
			inputPaths = (
				"${PODS_PODFILE_DIR_PATH}/Podfile.lock",
				"${PODS_ROOT}/Manifest.lock",
			);
			name = "[CP] Check Pods Manifest.lock";
			outputFileListPaths = (
			);
			outputPaths = (
				"$(DERIVED_FILE_DIR)/Pods-JHBaseApplicationTests-checkManifestLockResult.txt",
			);
			runOnlyForDeploymentPostprocessing = 0;
			shellPath = /bin/sh;
			shellScript = "diff \"${PODS_PODFILE_DIR_PATH}/Podfile.lock\" \"${PODS_ROOT}/Manifest.lock\" > /dev/null\nif [ $? != 0 ] ; then\n    # print error to STDERR\n    echo \"error: The sandbox is not in sync with the Podfile.lock. Run 'pod install' or update your CocoaPods installation.\" >&2\n    exit 1\nfi\n# This output is used by Xcode 'outputs' to avoid re-running this script phase.\necho \"SUCCESS\" > \"${SCRIPT_OUTPUT_FILE_0}\"\n";
			showEnvVarsInLog = 0;
		};
/* End PBXShellScriptBuildPhase section */

/* Begin PBXSourcesBuildPhase section */
		CD11B3DF28E694AD0043E71B /* Sources */ = {
			isa = PBXSourcesBuildPhase;
			buildActionMask = 2147483647;
			files = (
				CDBC389B28E6EA4900C6CDCE /* MusicViewController.m in Sources */,
				CD11B3E828E694AD0043E71B /* AppDelegate.m in Sources */,
				CD11B3F928E694AF0043E71B /* main.m in Sources */,
				CDBC389828E6EA3500C6CDCE /* HomeViewController.m in Sources */,
				CDBC389E28E6EA5700C6CDCE /* SettingViewController.m in Sources */,
			);
			runOnlyForDeploymentPostprocessing = 0;
		};
		CD11B3FA28E694AF0043E71B /* Sources */ = {
			isa = PBXSourcesBuildPhase;
			buildActionMask = 2147483647;
			files = (
				CD11B40328E694AF0043E71B /* JHBaseApplicationTests.m in Sources */,
			);
			runOnlyForDeploymentPostprocessing = 0;
		};
		CD11B40428E694AF0043E71B /* Sources */ = {
			isa = PBXSourcesBuildPhase;
			buildActionMask = 2147483647;
			files = (
				CD11B40F28E694AF0043E71B /* JHBaseApplicationUITestsLaunchTests.m in Sources */,
				CD11B40D28E694AF0043E71B /* JHBaseApplicationUITests.m in Sources */,
			);
			runOnlyForDeploymentPostprocessing = 0;
		};
/* End PBXSourcesBuildPhase section */

/* Begin PBXTargetDependency section */
		CD11B40028E694AF0043E71B /* PBXTargetDependency */ = {
			isa = PBXTargetDependency;
			target = CD11B3E228E694AD0043E71B /* JHBaseApplication */;
			targetProxy = CD11B3FF28E694AF0043E71B /* PBXContainerItemProxy */;
		};
		CD11B40A28E694AF0043E71B /* PBXTargetDependency */ = {
			isa = PBXTargetDependency;
			target = CD11B3E228E694AD0043E71B /* JHBaseApplication */;
			targetProxy = CD11B40928E694AF0043E71B /* PBXContainerItemProxy */;
		};
/* End PBXTargetDependency section */

/* Begin PBXVariantGroup section */
		CD11B3F428E694AF0043E71B /* LaunchScreen.storyboard */ = {
			isa = PBXVariantGroup;
			children = (
				CD11B3F528E694AF0043E71B /* Base */,
			);
			name = LaunchScreen.storyboard;
			sourceTree = "<group>";
		};
/* End PBXVariantGroup section */

/* Begin XCBuildConfiguration section */
		CD11B41028E694AF0043E71B /* Debug */ = {
			isa = XCBuildConfiguration;
			buildSettings = {
				ALWAYS_SEARCH_USER_PATHS = NO;
				CLANG_ANALYZER_NONNULL = YES;
				CLANG_ANALYZER_NUMBER_OBJECT_CONVERSION = YES_AGGRESSIVE;
				CLANG_CXX_LANGUAGE_STANDARD = "gnu++17";
				CLANG_ENABLE_MODULES = YES;
				CLANG_ENABLE_OBJC_ARC = YES;
				CLANG_ENABLE_OBJC_WEAK = YES;
				CLANG_WARN_BLOCK_CAPTURE_AUTORELEASING = YES;
				CLANG_WARN_BOOL_CONVERSION = YES;
				CLANG_WARN_COMMA = YES;
				CLANG_WARN_CONSTANT_CONVERSION = YES;
				CLANG_WARN_DEPRECATED_OBJC_IMPLEMENTATIONS = YES;
				CLANG_WARN_DIRECT_OBJC_ISA_USAGE = YES_ERROR;
				CLANG_WARN_DOCUMENTATION_COMMENTS = YES;
				CLANG_WARN_EMPTY_BODY = YES;
				CLANG_WARN_ENUM_CONVERSION = YES;
				CLANG_WARN_INFINITE_RECURSION = YES;
				CLANG_WARN_INT_CONVERSION = YES;
				CLANG_WARN_NON_LITERAL_NULL_CONVERSION = YES;
				CLANG_WARN_OBJC_IMPLICIT_RETAIN_SELF = YES;
				CLANG_WARN_OBJC_LITERAL_CONVERSION = YES;
				CLANG_WARN_OBJC_ROOT_CLASS = YES_ERROR;
				CLANG_WARN_QUOTED_INCLUDE_IN_FRAMEWORK_HEADER = YES;
				CLANG_WARN_RANGE_LOOP_ANALYSIS = YES;
				CLANG_WARN_STRICT_PROTOTYPES = YES;
				CLANG_WARN_SUSPICIOUS_MOVE = YES;
				CLANG_WARN_UNGUARDED_AVAILABILITY = YES_AGGRESSIVE;
				CLANG_WARN_UNREACHABLE_CODE = YES;
				CLANG_WARN__DUPLICATE_METHOD_MATCH = YES;
				COPY_PHASE_STRIP = NO;
				DEBUG_INFORMATION_FORMAT = dwarf;
				ENABLE_STRICT_OBJC_MSGSEND = YES;
				ENABLE_TESTABILITY = YES;
				GCC_C_LANGUAGE_STANDARD = gnu11;
				GCC_DYNAMIC_NO_PIC = NO;
				GCC_NO_COMMON_BLOCKS = YES;
				GCC_OPTIMIZATION_LEVEL = 0;
				GCC_PREPROCESSOR_DEFINITIONS = (
					"DEBUG=1",
					"$(inherited)",
				);
				GCC_WARN_64_TO_32_BIT_CONVERSION = YES;
				GCC_WARN_ABOUT_RETURN_TYPE = YES_ERROR;
				GCC_WARN_UNDECLARED_SELECTOR = YES;
				GCC_WARN_UNINITIALIZED_AUTOS = YES_AGGRESSIVE;
				GCC_WARN_UNUSED_FUNCTION = YES;
				GCC_WARN_UNUSED_VARIABLE = YES;
				IPHONEOS_DEPLOYMENT_TARGET = 15.5;
				MTL_ENABLE_DEBUG_INFO = INCLUDE_SOURCE;
				MTL_FAST_MATH = YES;
				ONLY_ACTIVE_ARCH = YES;
				SDKROOT = iphoneos;
			};
			name = Debug;
		};
		CD11B41128E694AF0043E71B /* Release */ = {
			isa = XCBuildConfiguration;
			buildSettings = {
				ALWAYS_SEARCH_USER_PATHS = NO;
				CLANG_ANALYZER_NONNULL = YES;
				CLANG_ANALYZER_NUMBER_OBJECT_CONVERSION = YES_AGGRESSIVE;
				CLANG_CXX_LANGUAGE_STANDARD = "gnu++17";
				CLANG_ENABLE_MODULES = YES;
				CLANG_ENABLE_OBJC_ARC = YES;
				CLANG_ENABLE_OBJC_WEAK = YES;
				CLANG_WARN_BLOCK_CAPTURE_AUTORELEASING = YES;
				CLANG_WARN_BOOL_CONVERSION = YES;
				CLANG_WARN_COMMA = YES;
				CLANG_WARN_CONSTANT_CONVERSION = YES;
				CLANG_WARN_DEPRECATED_OBJC_IMPLEMENTATIONS = YES;
				CLANG_WARN_DIRECT_OBJC_ISA_USAGE = YES_ERROR;
				CLANG_WARN_DOCUMENTATION_COMMENTS = YES;
				CLANG_WARN_EMPTY_BODY = YES;
				CLANG_WARN_ENUM_CONVERSION = YES;
				CLANG_WARN_INFINITE_RECURSION = YES;
				CLANG_WARN_INT_CONVERSION = YES;
				CLANG_WARN_NON_LITERAL_NULL_CONVERSION = YES;
				CLANG_WARN_OBJC_IMPLICIT_RETAIN_SELF = YES;
				CLANG_WARN_OBJC_LITERAL_CONVERSION = YES;
				CLANG_WARN_OBJC_ROOT_CLASS = YES_ERROR;
				CLANG_WARN_QUOTED_INCLUDE_IN_FRAMEWORK_HEADER = YES;
				CLANG_WARN_RANGE_LOOP_ANALYSIS = YES;
				CLANG_WARN_STRICT_PROTOTYPES = YES;
				CLANG_WARN_SUSPICIOUS_MOVE = YES;
				CLANG_WARN_UNGUARDED_AVAILABILITY = YES_AGGRESSIVE;
				CLANG_WARN_UNREACHABLE_CODE = YES;
				CLANG_WARN__DUPLICATE_METHOD_MATCH = YES;
				COPY_PHASE_STRIP = NO;
				DEBUG_INFORMATION_FORMAT = "dwarf-with-dsym";
				ENABLE_NS_ASSERTIONS = NO;
				ENABLE_STRICT_OBJC_MSGSEND = YES;
				GCC_C_LANGUAGE_STANDARD = gnu11;
				GCC_NO_COMMON_BLOCKS = YES;
				GCC_WARN_64_TO_32_BIT_CONVERSION = YES;
				GCC_WARN_ABOUT_RETURN_TYPE = YES_ERROR;
				GCC_WARN_UNDECLARED_SELECTOR = YES;
				GCC_WARN_UNINITIALIZED_AUTOS = YES_AGGRESSIVE;
				GCC_WARN_UNUSED_FUNCTION = YES;
				GCC_WARN_UNUSED_VARIABLE = YES;
				IPHONEOS_DEPLOYMENT_TARGET = 15.5;
				MTL_ENABLE_DEBUG_INFO = NO;
				MTL_FAST_MATH = YES;
				SDKROOT = iphoneos;
				VALIDATE_PRODUCT = YES;
			};
			name = Release;
		};
		CD11B41328E694AF0043E71B /* Debug */ = {
			isa = XCBuildConfiguration;
			baseConfigurationReference = F1C3ED37EBC69BCFA6CE367F /* Pods-JHBaseApplication.debug.xcconfig */;
			buildSettings = {
				ASSETCATALOG_COMPILER_APPICON_NAME = AppIcon;
				ASSETCATALOG_COMPILER_GLOBAL_ACCENT_COLOR_NAME = AccentColor;
				CODE_SIGN_STYLE = Automatic;
				CURRENT_PROJECT_VERSION = 1;
				DEVELOPMENT_TEAM = 4YGN64XY52;
				GENERATE_INFOPLIST_FILE = YES;
				INFOPLIST_FILE = JHBaseApplication/AppFile/Info.plist;
				INFOPLIST_KEY_UIApplicationSupportsIndirectInputEvents = YES;
				INFOPLIST_KEY_UILaunchStoryboardName = LaunchScreen;
				INFOPLIST_KEY_UISupportedInterfaceOrientations_iPad = "UIInterfaceOrientationPortrait UIInterfaceOrientationPortraitUpsideDown UIInterfaceOrientationLandscapeLeft UIInterfaceOrientationLandscapeRight";
				INFOPLIST_KEY_UISupportedInterfaceOrientations_iPhone = "UIInterfaceOrientationPortrait UIInterfaceOrientationLandscapeLeft UIInterfaceOrientationLandscapeRight";
				LD_RUNPATH_SEARCH_PATHS = (
					"$(inherited)",
					"@executable_path/Frameworks",
				);
				MARKETING_VERSION = 1.0;
				PRODUCT_BUNDLE_IDENTIFIER = com.niejinhao.test.JHBaseApplication;
				PRODUCT_NAME = "$(TARGET_NAME)";
				SWIFT_EMIT_LOC_STRINGS = YES;
				TARGETED_DEVICE_FAMILY = "1,2";
			};
			name = Debug;
		};
		CD11B41428E694AF0043E71B /* Release */ = {
			isa = XCBuildConfiguration;
			baseConfigurationReference = CBF3EDBBD83496D44D058B57 /* Pods-JHBaseApplication.release.xcconfig */;
			buildSettings = {
				ASSETCATALOG_COMPILER_APPICON_NAME = AppIcon;
				ASSETCATALOG_COMPILER_GLOBAL_ACCENT_COLOR_NAME = AccentColor;
				CODE_SIGN_STYLE = Automatic;
				CURRENT_PROJECT_VERSION = 1;
				DEVELOPMENT_TEAM = 4YGN64XY52;
				GENERATE_INFOPLIST_FILE = YES;
				INFOPLIST_FILE = JHBaseApplication/AppFile/Info.plist;
				INFOPLIST_KEY_UIApplicationSupportsIndirectInputEvents = YES;
				INFOPLIST_KEY_UILaunchStoryboardName = LaunchScreen;
				INFOPLIST_KEY_UISupportedInterfaceOrientations_iPad = "UIInterfaceOrientationPortrait UIInterfaceOrientationPortraitUpsideDown UIInterfaceOrientationLandscapeLeft UIInterfaceOrientationLandscapeRight";
				INFOPLIST_KEY_UISupportedInterfaceOrientations_iPhone = "UIInterfaceOrientationPortrait UIInterfaceOrientationLandscapeLeft UIInterfaceOrientationLandscapeRight";
				LD_RUNPATH_SEARCH_PATHS = (
					"$(inherited)",
					"@executable_path/Frameworks",
				);
				MARKETING_VERSION = 1.0;
				PRODUCT_BUNDLE_IDENTIFIER = com.niejinhao.test.JHBaseApplication;
				PRODUCT_NAME = "$(TARGET_NAME)";
				SWIFT_EMIT_LOC_STRINGS = YES;
				TARGETED_DEVICE_FAMILY = "1,2";
			};
			name = Release;
		};
		CD11B41628E694AF0043E71B /* Debug */ = {
			isa = XCBuildConfiguration;
			baseConfigurationReference = A4948CF930CB20C58A78ED03 /* Pods-JHBaseApplicationTests.debug.xcconfig */;
			buildSettings = {
				BUNDLE_LOADER = "$(TEST_HOST)";
				CODE_SIGN_STYLE = Automatic;
				CURRENT_PROJECT_VERSION = 1;
				DEVELOPMENT_TEAM = 4YGN64XY52;
				GENERATE_INFOPLIST_FILE = YES;
				IPHONEOS_DEPLOYMENT_TARGET = 15.5;
				MARKETING_VERSION = 1.0;
				PRODUCT_BUNDLE_IDENTIFIER = com.niejinhao.test.JHBaseApplicationTests;
				PRODUCT_NAME = "$(TARGET_NAME)";
				SWIFT_EMIT_LOC_STRINGS = NO;
				TARGETED_DEVICE_FAMILY = "1,2";
				TEST_HOST = "$(BUILT_PRODUCTS_DIR)/JHBaseApplication.app/JHBaseApplication";
			};
			name = Debug;
		};
		CD11B41728E694AF0043E71B /* Release */ = {
			isa = XCBuildConfiguration;
			baseConfigurationReference = BD6D214904A73A5C5487A59C /* Pods-JHBaseApplicationTests.release.xcconfig */;
			buildSettings = {
				BUNDLE_LOADER = "$(TEST_HOST)";
				CODE_SIGN_STYLE = Automatic;
				CURRENT_PROJECT_VERSION = 1;
				DEVELOPMENT_TEAM = 4YGN64XY52;
				GENERATE_INFOPLIST_FILE = YES;
				IPHONEOS_DEPLOYMENT_TARGET = 15.5;
				MARKETING_VERSION = 1.0;
				PRODUCT_BUNDLE_IDENTIFIER = com.niejinhao.test.JHBaseApplicationTests;
				PRODUCT_NAME = "$(TARGET_NAME)";
				SWIFT_EMIT_LOC_STRINGS = NO;
				TARGETED_DEVICE_FAMILY = "1,2";
				TEST_HOST = "$(BUILT_PRODUCTS_DIR)/JHBaseApplication.app/JHBaseApplication";
			};
			name = Release;
		};
		CD11B41928E694AF0043E71B /* Debug */ = {
			isa = XCBuildConfiguration;
			baseConfigurationReference = D5279FE3EBC4F272B059B642 /* Pods-JHBaseApplication-JHBaseApplicationUITests.debug.xcconfig */;
			buildSettings = {
				CODE_SIGN_STYLE = Automatic;
				CURRENT_PROJECT_VERSION = 1;
				DEVELOPMENT_TEAM = 4YGN64XY52;
				GENERATE_INFOPLIST_FILE = YES;
				MARKETING_VERSION = 1.0;
				PRODUCT_BUNDLE_IDENTIFIER = com.niejinhao.test.JHBaseApplicationUITests;
				PRODUCT_NAME = "$(TARGET_NAME)";
				SWIFT_EMIT_LOC_STRINGS = NO;
				TARGETED_DEVICE_FAMILY = "1,2";
				TEST_TARGET_NAME = JHBaseApplication;
			};
			name = Debug;
		};
		CD11B41A28E694AF0043E71B /* Release */ = {
			isa = XCBuildConfiguration;
			baseConfigurationReference = 9008AE536BACE7234CC9316B /* Pods-JHBaseApplication-JHBaseApplicationUITests.release.xcconfig */;
			buildSettings = {
				CODE_SIGN_STYLE = Automatic;
				CURRENT_PROJECT_VERSION = 1;
				DEVELOPMENT_TEAM = 4YGN64XY52;
				GENERATE_INFOPLIST_FILE = YES;
				MARKETING_VERSION = 1.0;
				PRODUCT_BUNDLE_IDENTIFIER = com.niejinhao.test.JHBaseApplicationUITests;
				PRODUCT_NAME = "$(TARGET_NAME)";
				SWIFT_EMIT_LOC_STRINGS = NO;
				TARGETED_DEVICE_FAMILY = "1,2";
				TEST_TARGET_NAME = JHBaseApplication;
			};
			name = Release;
		};
/* End XCBuildConfiguration section */

/* Begin XCConfigurationList section */
		CD11B3DE28E694AD0043E71B /* Build configuration list for PBXProject "JHBaseApplication" */ = {
			isa = XCConfigurationList;
			buildConfigurations = (
				CD11B41028E694AF0043E71B /* Debug */,
				CD11B41128E694AF0043E71B /* Release */,
			);
			defaultConfigurationIsVisible = 0;
			defaultConfigurationName = Release;
		};
		CD11B41228E694AF0043E71B /* Build configuration list for PBXNativeTarget "JHBaseApplication" */ = {
			isa = XCConfigurationList;
			buildConfigurations = (
				CD11B41328E694AF0043E71B /* Debug */,
				CD11B41428E694AF0043E71B /* Release */,
			);
			defaultConfigurationIsVisible = 0;
			defaultConfigurationName = Release;
		};
		CD11B41528E694AF0043E71B /* Build configuration list for PBXNativeTarget "JHBaseApplicationTests" */ = {
			isa = XCConfigurationList;
			buildConfigurations = (
				CD11B41628E694AF0043E71B /* Debug */,
				CD11B41728E694AF0043E71B /* Release */,
			);
			defaultConfigurationIsVisible = 0;
			defaultConfigurationName = Release;
		};
		CD11B41828E694AF0043E71B /* Build configuration list for PBXNativeTarget "JHBaseApplicationUITests" */ = {
			isa = XCConfigurationList;
			buildConfigurations = (
				CD11B41928E694AF0043E71B /* Debug */,
				CD11B41A28E694AF0043E71B /* Release */,
			);
			defaultConfigurationIsVisible = 0;
			defaultConfigurationName = Release;
		};
/* End XCConfigurationList section */
	};
	rootObject = CD11B3DB28E694AD0043E71B /* Project object */;
}
